
Microsoft Visual Studio Solution File, Format Version 12.00
# Visual Studio Version 17
VisualStudioVersion = 17.14.36401.2 d17.14
MinimumVisualStudioVersion = 10.0.40219.1
Project("{FAE04EC0-301F-11D3-BF4B-00C04F79EFBC}") = "03_Laboratory_Exercise_2", "03_Laboratory_Exercise_2\03_Laboratory_Exercise_2.csproj", "{E60BA31B-ED08-42C8-AC62-B493A1B4F524}"
EndProject
Global
	GlobalSection(SolutionConfigurationPlatforms) = preSolution
		Debug|Any CPU = Debug|Any CPU
		Release|Any CPU = Release|Any CPU
	EndGlobalSection
	GlobalSection(ProjectConfigurationPlatforms) = postSolution
		{E60BA31B-ED08-42C8-AC62-B493A1B4F524}.Debug|Any CPU.ActiveCfg = Debug|Any CPU
		{E60BA31B-ED08-42C8-AC62-B493A1B4F524}.Debug|Any CPU.Build.0 = Debug|Any CPU
		{E60BA31B-ED08-42C8-AC62-B493A1B4F524}.Release|Any CPU.ActiveCfg = Release|Any CPU
		{E60BA31B-ED08-42C8-AC62-B493A1B4F524}.Release|Any CPU.Build.0 = Release|Any CPU
	EndGlobalSection
	GlobalSection(SolutionProperties) = preSolution
		HideSolutionNode = FALSE
	EndGlobalSection
	GlobalSection(ExtensibilityGlobals) = postSolution
		SolutionGuid = {B94D36D5-4B88-4529-8831-F11AAF7F44A1}
	EndGlobalSection
EndGlobal
